
Microsoft Visual Studio Solution File, Format Version 12.00
# Visual Studio Version 17
VisualStudioVersion = 17.2.32630.192
MinimumVisualStudioVersion = 10.0.40219.1
Project("{9A19103F-16F7-4668-BE54-9A1E7A4F7556}") = "UniversalSorter.SortsLibrary", "UniversalSorter.SortsLibrary\UniversalSorter.SortsLibrary.csproj", "{F4B90932-9B32-4BC7-92A0-7783A35FFF14}"
EndProject
Project("{9A19103F-16F7-4668-BE54-9A1E7A4F7556}") = "UniversalSorter.SortsLibrary.Tests", "UniversalSorter.Tests\UniversalSorter.SortsLibrary.Tests.csproj", "{D6803AE2-59AD-4EF3-A310-A1E0BAF30444}"
EndProject
Global
	GlobalSection(SolutionConfigurationPlatforms) = preSolution
		Debug|Any CPU = Debug|Any CPU
		Release|Any CPU = Release|Any CPU
	EndGlobalSection
	GlobalSection(ProjectConfigurationPlatforms) = postSolution
		{F4B90932-9B32-4BC7-92A0-7783A35FFF14}.Debug|Any CPU.ActiveCfg = Debug|Any CPU
		{F4B90932-9B32-4BC7-92A0-7783A35FFF14}.Debug|Any CPU.Build.0 = Debug|Any CPU
		{F4B90932-9B32-4BC7-92A0-7783A35FFF14}.Release|Any CPU.ActiveCfg = Release|Any CPU
		{F4B90932-9B32-4BC7-92A0-7783A35FFF14}.Release|Any CPU.Build.0 = Release|Any CPU
		{D6803AE2-59AD-4EF3-A310-A1E0BAF30444}.Debug|Any CPU.ActiveCfg = Debug|Any CPU
		{D6803AE2-59AD-4EF3-A310-A1E0BAF30444}.Debug|Any CPU.Build.0 = Debug|Any CPU
		{D6803AE2-59AD-4EF3-A310-A1E0BAF30444}.Release|Any CPU.ActiveCfg = Release|Any CPU
		{D6803AE2-59AD-4EF3-A310-A1E0BAF30444}.Release|Any CPU.Build.0 = Release|Any CPU
	EndGlobalSection
	GlobalSection(SolutionProperties) = preSolution
		HideSolutionNode = FALSE
	EndGlobalSection
	GlobalSection(ExtensibilityGlobals) = postSolution
		SolutionGuid = {1D9848CC-FFDC-4FD7-AE0C-E1F71235AAC2}
	EndGlobalSection
EndGlobal
